<Solution>
  <Project Path="DataDictionary.Analysis/DataDictionary.Analysis.csproj" Id="83909398-3d28-4673-a598-40af902bc993" />
  <Project Path="DataDictionary.ConsoleApp/DataDictionary.ConsoleApp.csproj" />
  <Project Path="DataDictionary.Domain/DataDictionary.Domain.csproj" Id="2c2d3c0a-1569-4840-b1f0-c87675ce3ecc" />
  <Project Path="DataDictionary.Parser/DataDictionary.Parser.csproj" />
  <Project Path="DataDictionary.Tests/DataDictionary.Tests.csproj" Id="8f510b33-7f25-4442-b3b6-35e1eea72597" />
  <Project Path="DataDictionary.Transformation/DataDictionary.Transformation.csproj" Id="b7c913d3-5b8b-4074-94e3-a45a5dfd45e6" />
  <Project Path="DataDictionary.UIModel/DataDictionary.UIModel.csproj" Id="0e3e9678-40bb-4ad9-af06-202dcb2f07f5" />
</Solution>
